
Microsoft Visual Studio Solution File, Format Version 12.00
# Visual Studio Version 16
VisualStudioVersion = 16.0.31624.102
MinimumVisualStudioVersion = 10.0.40219.1
Project("{FAE04EC0-301F-11D3-BF4B-00C04F79EFBC}") = "Shoeshop", "Shoeshop\Shoeshop.csproj", "{9D923523-D4E5-4D41-A907-66D0989945AF}"
EndProject
Global
	GlobalSection(SolutionConfigurationPlatforms) = preSolution
		Debug|Any CPU = Debug|Any CPU
		Release|Any CPU = Release|Any CPU
	EndGlobalSection
	GlobalSection(ProjectConfigurationPlatforms) = postSolution
		{9D923523-D4E5-4D41-A907-66D0989945AF}.Debug|Any CPU.ActiveCfg = Debug|Any CPU
		{9D923523-D4E5-4D41-A907-66D0989945AF}.Debug|Any CPU.Build.0 = Debug|Any CPU
		{9D923523-D4E5-4D41-A907-66D0989945AF}.Release|Any CPU.ActiveCfg = Release|Any CPU
		{9D923523-D4E5-4D41-A907-66D0989945AF}.Release|Any CPU.Build.0 = Release|Any CPU
	EndGlobalSection
	GlobalSection(SolutionProperties) = preSolution
		HideSolutionNode = FALSE
	EndGlobalSection
	GlobalSection(ExtensibilityGlobals) = postSolution
		SolutionGuid = {4E3845F0-1975-4250-A1FE-81389CA0A573}
	EndGlobalSection
EndGlobal
